{
  "originHash" : "b51547585e8b431479e8b7c67391ef4b8706804b7f2d21a4583354ca7865cc8f",
  "pins" : [
    {
      "identity" : "super-functions",
      "kind" : "remoteSourceControl",
      "location" : "https://github.com/21nCo/super-functions.git",
      "state" : {
        "branch" : "SF-33",
        "revision" : "16d9691b490865ac7aaa8d329edf2d87147b439b"
      }
    }
  ],
  "version" : 3
}
